<?xml version="1.0" encoding="utf-8"?>
<Project ToolsVersion="4.0" xmlns="http://schemas.microsoft.com/developer/msbuild/2003">
  <ItemGroup>
    <ClCompile Include="Main.cpp" />
    <ClCompile Include="Math.cpp" />
    <ClCompile Include="Game.cpp" />
    <ClCompile Include="Component.cpp" />
    <ClCompile Include="SpriteComponent.cpp" />
    <ClCompile Include="AnimSpriteComponent.cpp" />
    <ClCompile Include="BGSpriteComponent.cpp" />
    <ClCompile Include="Actor.cpp" />
    <ClCompile Include="Player.cpp" />
    <ClCompile Include="TileMapComponent.cpp" />
  </ItemGroup>
  <ItemGroup>
    <ClInclude Include="Actor.hpp" />
    <ClInclude Include="Math.hpp" />
    <ClInclude Include="Component.hpp" />
    <ClInclude Include="Game.hpp" />
    <ClInclude Include="SpriteComponent.hpp" />
    <ClInclude Include="AnimSpriteComponent.hpp" />
    <ClInclude Include="BGSpriteComponent.hpp" />
    <ClInclude Include="Player.hpp" />
    <ClInclude Include="TileMapComponent.hpp" />
  </ItemGroup>
</Project>